
Microsoft Visual Studio Solution File, Format Version 12.00
# Visual Studio Version 17
VisualStudioVersion = 17.10.35027.167
MinimumVisualStudioVersion = 10.0.40219.1
Project("{9A19103F-16F7-4668-BE54-9A1E7A4F7556}") = "Calculator", "Calculator\Calculator.csproj", "{34519B4D-B3B5-473A-94F8-7A9390F1BD9F}"
EndProject
Project("{FAE04EC0-301F-11D3-BF4B-00C04F79EFBC}") = "Tests", "Tests\Tests.csproj", "{34C548E3-86B4-4B76-BFE3-0B59B3E6EE83}"
EndProject
Global
	GlobalSection(SolutionConfigurationPlatforms) = preSolution
		Debug|Any CPU = Debug|Any CPU
		Release|Any CPU = Release|Any CPU
	EndGlobalSection
	GlobalSection(ProjectConfigurationPlatforms) = postSolution
		{34519B4D-B3B5-473A-94F8-7A9390F1BD9F}.Debug|Any CPU.ActiveCfg = Debug|Any CPU
		{34519B4D-B3B5-473A-94F8-7A9390F1BD9F}.Debug|Any CPU.Build.0 = Debug|Any CPU
		{34519B4D-B3B5-473A-94F8-7A9390F1BD9F}.Release|Any CPU.ActiveCfg = Release|Any CPU
		{34519B4D-B3B5-473A-94F8-7A9390F1BD9F}.Release|Any CPU.Build.0 = Release|Any CPU
		{34C548E3-86B4-4B76-BFE3-0B59B3E6EE83}.Debug|Any CPU.ActiveCfg = Debug|Any CPU
		{34C548E3-86B4-4B76-BFE3-0B59B3E6EE83}.Debug|Any CPU.Build.0 = Debug|Any CPU
		{34C548E3-86B4-4B76-BFE3-0B59B3E6EE83}.Release|Any CPU.ActiveCfg = Release|Any CPU
		{34C548E3-86B4-4B76-BFE3-0B59B3E6EE83}.Release|Any CPU.Build.0 = Release|Any CPU
	EndGlobalSection
	GlobalSection(SolutionProperties) = preSolution
		HideSolutionNode = FALSE
	EndGlobalSection
	GlobalSection(ExtensibilityGlobals) = postSolution
		SolutionGuid = {4BD8BF42-01BB-4F61-9B69-9108895FBBB2}
	EndGlobalSection
EndGlobal
